
Microsoft Visual Studio Solution File, Format Version 12.00
# Visual Studio 15
VisualStudioVersion = 15.0.28307.902
MinimumVisualStudioVersion = 10.0.40219.1
Project("{9A19103F-16F7-4668-BE54-9A1E7A4F7556}") = "Study.API", "Study.API\Study.API.csproj", "{7B19EDB4-7B24-44CD-932A-FAF55568D787}"
EndProject
Project("{9A19103F-16F7-4668-BE54-9A1E7A4F7556}") = "Study.Domain", "Study.Domain\Study.Domain.csproj", "{AB4027E8-2FFB-4F97-8B60-11D35CB78B6B}"
EndProject
Project("{9A19103F-16F7-4668-BE54-9A1E7A4F7556}") = "Study.Infrastructure", "Study.Infrastructure\Study.Infrastructure.csproj", "{8DB9D013-6CCC-41B7-893B-DA04EDA40FB1}"
EndProject
Global
	GlobalSection(SolutionConfigurationPlatforms) = preSolution
		Debug|Any CPU = Debug|Any CPU
		Release|Any CPU = Release|Any CPU
	EndGlobalSection
	GlobalSection(ProjectConfigurationPlatforms) = postSolution
		{7B19EDB4-7B24-44CD-932A-FAF55568D787}.Debug|Any CPU.ActiveCfg = Debug|Any CPU
		{7B19EDB4-7B24-44CD-932A-FAF55568D787}.Debug|Any CPU.Build.0 = Debug|Any CPU
		{7B19EDB4-7B24-44CD-932A-FAF55568D787}.Release|Any CPU.ActiveCfg = Release|Any CPU
		{7B19EDB4-7B24-44CD-932A-FAF55568D787}.Release|Any CPU.Build.0 = Release|Any CPU
		{AB4027E8-2FFB-4F97-8B60-11D35CB78B6B}.Debug|Any CPU.ActiveCfg = Debug|Any CPU
		{AB4027E8-2FFB-4F97-8B60-11D35CB78B6B}.Debug|Any CPU.Build.0 = Debug|Any CPU
		{AB4027E8-2FFB-4F97-8B60-11D35CB78B6B}.Release|Any CPU.ActiveCfg = Release|Any CPU
		{AB4027E8-2FFB-4F97-8B60-11D35CB78B6B}.Release|Any CPU.Build.0 = Release|Any CPU
		{8DB9D013-6CCC-41B7-893B-DA04EDA40FB1}.Debug|Any CPU.ActiveCfg = Debug|Any CPU
		{8DB9D013-6CCC-41B7-893B-DA04EDA40FB1}.Debug|Any CPU.Build.0 = Debug|Any CPU
		{8DB9D013-6CCC-41B7-893B-DA04EDA40FB1}.Release|Any CPU.ActiveCfg = Release|Any CPU
		{8DB9D013-6CCC-41B7-893B-DA04EDA40FB1}.Release|Any CPU.Build.0 = Release|Any CPU
	EndGlobalSection
	GlobalSection(SolutionProperties) = preSolution
		HideSolutionNode = FALSE
	EndGlobalSection
	GlobalSection(ExtensibilityGlobals) = postSolution
		SolutionGuid = {7172CA53-3749-44C0-8797-E06CBC8E20C1}
	EndGlobalSection
EndGlobal
